<?xml version="1.0" encoding="utf-8"?>
<Project ToolsVersion="4.0" xmlns="http://schemas.microsoft.com/developer/msbuild/2003">
  <ItemGroup>
    <Filter Include="MSVCRT">
      <UniqueIdentifier>{75048101-6aba-4c22-98e0-119ce1de3bb1}</UniqueIdentifier>
    </Filter>
    <Filter Include="Startup">
      <UniqueIdentifier>{2d0d8e1d-c22a-4fb5-b4e5-96701f34cdbc}</UniqueIdentifier>
    </Filter>
    <Filter Include="Memory">
      <UniqueIdentifier>{665bdd85-4e10-47a7-9610-7b9905b34141}</UniqueIdentifier>
    </Filter>
  </ItemGroup>
  <ItemGroup>
    <ClCompile Include="$(VCToolsInstallDir)crt\src\vcruntime\fltused.cpp">
      <Filter>MSVCRT</Filter>
    </ClCompile>
    <ClCompile Include="$(VCToolsInstallDir)crt\src\vcruntime\gs_cookie.c">
      <Filter>MSVCRT</Filter>
    </ClCompile>
    <ClCompile Include="GS.c" />
    <ClCompile Include="RTC.cpp" />
    <ClCompile Include="Except.c" />
    <ClCompile Include="Startup\Startup_DllMain.c">
      <Filter>Startup</Filter>
    </ClCompile>
    <ClCompile Include="Startup\Startup_DllMain_Stub.c">
      <Filter>Startup</Filter>
    </ClCompile>
    <ClCompile Include="Startup\Startup_ExeMain.c">
      <Filter>Startup</Filter>
    </ClCompile>
    <ClCompile Include="Startup\Startup_Init.c">
      <Filter>Startup</Filter>
    </ClCompile>
    <ClCompile Include="Startup\Startup_wmain.c">
      <Filter>Startup</Filter>
    </ClCompile>
    <ClCompile Include="Startup\Startup_wWinMain.c">
      <Filter>Startup</Filter>
    </ClCompile>
    <ClCompile Include="Memory\Operator.cpp">
      <Filter>Memory</Filter>
    </ClCompile>
    <ClCompile Include="Memory\Allocate.c">
      <Filter>Memory</Filter>
    </ClCompile>
  </ItemGroup>
  <ItemGroup>
    <None Include="Startup\Startup_Exe.inl">
      <Filter>Startup</Filter>
    </None>
    <None Include="Memory\Memory.inl">
      <Filter>Memory</Filter>
    </None>
    <None Include="packages.config" />
    <None Include="CRTBuild.inl" />
  </ItemGroup>
  <ItemGroup>
    <ClInclude Include="Startup\Startup.inl">
      <Filter>Startup</Filter>
    </ClInclude>
    <ClInclude Include="..\Include\Wintexports\WIE_CRT.h" />
  </ItemGroup>
  <ItemGroup>
    <Precomp4C_LibExtract Include="Extract_CRT.xml">
      <Filter>MSVCRT</Filter>
    </Precomp4C_LibExtract>
  </ItemGroup>
  <ItemGroup>
    <Precomp4C_LibCreate Include="Ntdll_CRT.xml">
      <Filter>MSVCRT</Filter>
    </Precomp4C_LibCreate>
  </ItemGroup>
</Project>