<?xml version="1.0" encoding="utf-8"?>
<Project ToolsVersion="4.0" xmlns="http://schemas.microsoft.com/developer/msbuild/2003">
  <ItemGroup>
    <ClCompile Include="Main.cpp" />
    <ClCompile Include="Demo\Test_MemAlloc.cpp">
      <Filter>Demo</Filter>
    </ClCompile>
    <ClCompile Include="Demo\Demo_FindFile.c">
      <Filter>Demo</Filter>
    </ClCompile>
    <ClCompile Include="Demo\Demo_QueryStorageProperty.c">
      <Filter>Demo</Filter>
    </ClCompile>
    <ClCompile Include="Demo\Test_String.c">
      <Filter>Demo</Filter>
    </ClCompile>
  </ItemGroup>
  <ItemGroup>
    <Filter Include="Lib">
      <UniqueIdentifier>{eda32232-0bbd-4ab6-87d3-b892c3e0b0f8}</UniqueIdentifier>
    </Filter>
    <Filter Include="Demo">
      <UniqueIdentifier>{b203ae21-b6b4-4b6a-b256-2a1da8b03981}</UniqueIdentifier>
    </Filter>
    <Filter Include="Include">
      <UniqueIdentifier>{d4d64795-1e5e-49a4-862a-a79f9b10ce11}</UniqueIdentifier>
    </Filter>
    <Filter Include="Include\API">
      <UniqueIdentifier>{6c5e9de4-73d6-4ba1-b32d-f3a321a7ee7c}</UniqueIdentifier>
    </Filter>
    <Filter Include="Include\NT">
      <UniqueIdentifier>{1d64461b-f4e9-4adb-b0ea-06a5ad1fddee}</UniqueIdentifier>
    </Filter>
    <Filter Include="Include\NT\Types">
      <UniqueIdentifier>{2bfce0c3-11be-4c46-90b2-e6b22b583756}</UniqueIdentifier>
    </Filter>
    <Filter Include="Include\HeaderExt">
      <UniqueIdentifier>{754c8d2a-c9c8-4a53-9873-8a3e2c08655e}</UniqueIdentifier>
    </Filter>
    <Filter Include="Include\PrivateHelper">
      <UniqueIdentifier>{63521f2c-456a-49c7-84cd-cd6b2fb13e7e}</UniqueIdentifier>
    </Filter>
    <Filter Include="Include\Extension">
      <UniqueIdentifier>{58302495-caeb-4e30-a71c-dc8d1cca154e}</UniqueIdentifier>
    </Filter>
  </ItemGroup>
  <ItemGroup>
    <ClInclude Include="..\Include\Wintexports\WIE_Ext.h">
      <Filter>Include\Extension</Filter>
    </ClInclude>
    <ClInclude Include="..\Include\Wintexports\WIE_Ext_CPU.h">
      <Filter>Include\Extension</Filter>
    </ClInclude>
    <ClInclude Include="..\Include\Wintexports\winsta.h">
      <Filter>Include\HeaderExt</Filter>
    </ClInclude>
    <ClInclude Include="..\Include\Wintexports\WIE_CommCtrl.h">
      <Filter>Include\HeaderExt</Filter>
    </ClInclude>
    <ClInclude Include="..\Include\Wintexports\WIE_WinUser.h">
      <Filter>Include\HeaderExt</Filter>
    </ClInclude>
    <ClInclude Include="Demo\Demo.h">
      <Filter>Demo</Filter>
    </ClInclude>
    <ClInclude Include="..\Include\Wintexports\API_User32.h">
      <Filter>Include\API</Filter>
    </ClInclude>
    <ClInclude Include="..\Include\Wintexports\API_Ntdll_Hash.h">
      <Filter>Include\API</Filter>
    </ClInclude>
    <ClInclude Include="..\Include\Wintexports\API_Ntdll.h">
      <Filter>Include\API</Filter>
    </ClInclude>
    <ClInclude Include="..\Include\Wintexports\API_Kernel32.h">
      <Filter>Include\API</Filter>
    </ClInclude>
    <ClInclude Include="..\Include\Wintexports\API_WinSta.h">
      <Filter>Include\API</Filter>
    </ClInclude>
    <ClInclude Include="..\Include\Wintexports\NtTypes.h">
      <Filter>Include\NT\Types</Filter>
    </ClInclude>
    <ClInclude Include="..\Include\Wintexports\NtAtomTypes.h">
      <Filter>Include\NT\Types</Filter>
    </ClInclude>
    <ClInclude Include="..\Include\Wintexports\NtKeTypes.h">
      <Filter>Include\NT\Types</Filter>
    </ClInclude>
    <ClInclude Include="..\Include\Wintexports\NtPsTypes.h">
      <Filter>Include\NT\Types</Filter>
    </ClInclude>
    <ClInclude Include="..\Include\Wintexports\NtFsTypes.h">
      <Filter>Include\NT\Types</Filter>
    </ClInclude>
    <ClInclude Include="..\Include\Wintexports\NtSeTypes.h">
      <Filter>Include\NT\Types</Filter>
    </ClInclude>
    <ClInclude Include="..\Include\Wintexports\NtIoTypes.h">
      <Filter>Include\NT\Types</Filter>
    </ClInclude>
    <ClInclude Include="..\Include\Wintexports\NtRegTypes.h">
      <Filter>Include\NT\Types</Filter>
    </ClInclude>
    <ClInclude Include="..\Include\Wintexports\NtMmTypes.h">
      <Filter>Include\NT\Types</Filter>
    </ClInclude>
    <ClInclude Include="..\Include\Wintexports\NtObTypes.h">
      <Filter>Include\NT\Types</Filter>
    </ClInclude>
    <ClInclude Include="..\Include\Wintexports\NtSysTypes.h">
      <Filter>Include\NT\Types</Filter>
    </ClInclude>
    <ClInclude Include="..\Include\Wintexports\NtBasicTypes.h">
      <Filter>Include\NT\Types</Filter>
    </ClInclude>
    <ClInclude Include="..\Include\Wintexports\NtRtlTypes.h">
      <Filter>Include\NT\Types</Filter>
    </ClInclude>
    <ClInclude Include="..\Include\Wintexports\NtLdrTypes.h">
      <Filter>Include\NT\Types</Filter>
    </ClInclude>
    <ClInclude Include="..\Include\Wintexports\NtMinDef.h">
      <Filter>Include\NT</Filter>
    </ClInclude>
    <ClInclude Include="..\Include\Wintexports\NtAdvTypes.h">
      <Filter>Include\NT\Types</Filter>
    </ClInclude>
    <ClInclude Include="..\Include\Wintexports\NtMacro.h">
      <Filter>Include\NT</Filter>
    </ClInclude>
    <ClInclude Include="..\Include\Wintexports\Wintexports.h">
      <Filter>Include</Filter>
    </ClInclude>
    <ClInclude Include="..\Include\Wintexports\WIE_Ext_MSToolChain.h">
      <Filter>Include\Extension</Filter>
    </ClInclude>
    <ClInclude Include="..\Include\Wintexports\WIE_Ext_NT.h">
      <Filter>Include\Extension</Filter>
    </ClInclude>
    <ClInclude Include="..\Include\Wintexports\PrivateHelper\Ntdef_Around.h">
      <Filter>Include\PrivateHelper</Filter>
    </ClInclude>
    <ClInclude Include="..\Include\Wintexports\PrivateHelper\TargetArch.h">
      <Filter>Include\PrivateHelper</Filter>
    </ClInclude>
    <ClInclude Include="..\Include\Wintexports\PrivateHelper\Winnt_Around.h">
      <Filter>Include\PrivateHelper</Filter>
    </ClInclude>
  </ItemGroup>
  <ItemGroup>
    <Precomp4C_LibCreate Include="Lib\Ntdll_Hash.xml">
      <Filter>Lib</Filter>
    </Precomp4C_LibCreate>
    <Precomp4C_LibCreate Include="Lib\WIE_WinAPI.xml">
      <Filter>Lib</Filter>
    </Precomp4C_LibCreate>
  </ItemGroup>
  <ItemGroup>
    <None Include="packages.config" />
  </ItemGroup>
</Project>